// !$*UTF8*$!
{
	archiveVersion = 1;
	classes = {
	};
	objectVersion = 48;
	objects = {

/* Begin PBXBuildFile section */
		9F4B4581FF4F080C4327C475 /* Pods_TopHeader.framework in Frameworks */ = {isa = PBXBuildFile; fileRef = C6045AF97A56682396D0ECF7 /* Pods_TopHeader.framework */; };
		CD91BF1B1FF23DCE009EB025 /* UIColor+Extension.m in Sources */ = {isa = PBXBuildFile; fileRef = CD91BF1A1FF23DCD009EB025 /* UIColor+Extension.m */; };
		CDE143591FF254B4000C4B58 /* UINavigationController+Extension.m in Sources */ = {isa = PBXBuildFile; fileRef = CDE143581FF254B4000C4B58 /* UINavigationController+Extension.m */; };
		CDFB10451FF1875B007245A0 /* AppDelegate.m in Sources */ = {isa = PBXBuildFile; fileRef = CDFB10441FF1875B007245A0 /* AppDelegate.m */; };
		CDFB10481FF1875B007245A0 /* ViewController.m in Sources */ = {isa = PBXBuildFile; fileRef = CDFB10471FF1875B007245A0 /* ViewController.m */; };
		CDFB104B1FF1875B007245A0 /* Main.storyboard in Resources */ = {isa = PBXBuildFile; fileRef = CDFB10491FF1875B007245A0 /* Main.storyboard */; };
		CDFB104D1FF1875B007245A0 /* Assets.xcassets in Resources */ = {isa = PBXBuildFile; fileRef = CDFB104C1FF1875B007245A0 /* Assets.xcassets */; };
		CDFB10501FF1875B007245A0 /* LaunchScreen.storyboard in Resources */ = {isa = PBXBuildFile; fileRef = CDFB104E1FF1875B007245A0 /* LaunchScreen.storyboard */; };
		CDFB10531FF1875B007245A0 /* main.m in Sources */ = {isa = PBXBuildFile; fileRef = CDFB10521FF1875B007245A0 /* main.m */; };
		CDFB105B1FF18964007245A0 /* PTHeaderViewController.m in Sources */ = {isa = PBXBuildFile; fileRef = CDFB105A1FF18964007245A0 /* PTHeaderViewController.m */; };
/* End PBXBuildFile section */

/* Begin PBXFileReference section */
		545270EE7234AB3DFE5102A6 /* Pods-TopHeader.debug.xcconfig */ = {isa = PBXFileReference; includeInIndex = 1; lastKnownFileType = text.xcconfig; name = "Pods-TopHeader.debug.xcconfig"; path = "Pods/Target Support Files/Pods-TopHeader/Pods-TopHeader.debug.xcconfig"; sourceTree = "<group>"; };
		89C695E038A437B6836D3A12 /* Pods-TopHeader.release.xcconfig */ = {isa = PBXFileReference; includeInIndex = 1; lastKnownFileType = text.xcconfig; name = "Pods-TopHeader.release.xcconfig"; path = "Pods/Target Support Files/Pods-TopHeader/Pods-TopHeader.release.xcconfig"; sourceTree = "<group>"; };
		C6045AF97A56682396D0ECF7 /* Pods_TopHeader.framework */ = {isa = PBXFileReference; explicitFileType = wrapper.framework; includeInIndex = 0; path = Pods_TopHeader.framework; sourceTree = BUILT_PRODUCTS_DIR; };
		CD91BF191FF23DCD009EB025 /* UIColor+Extension.h */ = {isa = PBXFileReference; fileEncoding = 4; lastKnownFileType = sourcecode.c.h; path = "UIColor+Extension.h"; sourceTree = "<group>"; };
		CD91BF1A1FF23DCD009EB025 /* UIColor+Extension.m */ = {isa = PBXFileReference; fileEncoding = 4; lastKnownFileType = sourcecode.c.objc; path = "UIColor+Extension.m"; sourceTree = "<group>"; };
		CDE143571FF254B4000C4B58 /* UINavigationController+Extension.h */ = {isa = PBXFileReference; lastKnownFileType = sourcecode.c.h; path = "UINavigationController+Extension.h"; sourceTree = "<group>"; };
		CDE143581FF254B4000C4B58 /* UINavigationController+Extension.m */ = {isa = PBXFileReference; lastKnownFileType = sourcecode.c.objc; path = "UINavigationController+Extension.m"; sourceTree = "<group>"; };
		CDFB10401FF1875B007245A0 /* TopHeader.app */ = {isa = PBXFileReference; explicitFileType = wrapper.application; includeInIndex = 0; path = TopHeader.app; sourceTree = BUILT_PRODUCTS_DIR; };
		CDFB10431FF1875B007245A0 /* AppDelegate.h */ = {isa = PBXFileReference; lastKnownFileType = sourcecode.c.h; path = AppDelegate.h; sourceTree = "<group>"; };
		CDFB10441FF1875B007245A0 /* AppDelegate.m */ = {isa = PBXFileReference; lastKnownFileType = sourcecode.c.objc; path = AppDelegate.m; sourceTree = "<group>"; };
		CDFB10461FF1875B007245A0 /* ViewController.h */ = {isa = PBXFileReference; lastKnownFileType = sourcecode.c.h; path = ViewController.h; sourceTree = "<group>"; };
		CDFB10471FF1875B007245A0 /* ViewController.m */ = {isa = PBXFileReference; lastKnownFileType = sourcecode.c.objc; path = ViewController.m; sourceTree = "<group>"; };
		CDFB104A1FF1875B007245A0 /* Base */ = {isa = PBXFileReference; lastKnownFileType = file.storyboard; name = Base; path = Base.lproj/Main.storyboard; sourceTree = "<group>"; };
		CDFB104C1FF1875B007245A0 /* Assets.xcassets */ = {isa = PBXFileReference; lastKnownFileType = folder.assetcatalog; path = Assets.xcassets; sourceTree = "<group>"; };
		CDFB104F1FF1875B007245A0 /* Base */ = {isa = PBXFileReference; lastKnownFileType = file.storyboard; name = Base; path = Base.lproj/LaunchScreen.storyboard; sourceTree = "<group>"; };
		CDFB10511FF1875B007245A0 /* Info.plist */ = {isa = PBXFileReference; lastKnownFileType = text.plist.xml; path = Info.plist; sourceTree = "<group>"; };
		CDFB10521FF1875B007245A0 /* main.m */ = {isa = PBXFileReference; lastKnownFileType = sourcecode.c.objc; path = main.m; sourceTree = "<group>"; };
		CDFB10591FF18964007245A0 /* PTHeaderViewController.h */ = {isa = PBXFileReference; lastKnownFileType = sourcecode.c.h; path = PTHeaderViewController.h; sourceTree = "<group>"; };
		CDFB105A1FF18964007245A0 /* PTHeaderViewController.m */ = {isa = PBXFileReference; lastKnownFileType = sourcecode.c.objc; path = PTHeaderViewController.m; sourceTree = "<group>"; };
/* End PBXFileReference section */

/* Begin PBXFrameworksBuildPhase section */
		CDFB103D1FF1875B007245A0 /* Frameworks */ = {
			isa = PBXFrameworksBuildPhase;
			buildActionMask = 2147483647;
			files = (
				9F4B4581FF4F080C4327C475 /* Pods_TopHeader.framework in Frameworks */,
			);
			runOnlyForDeploymentPostprocessing = 0;
		};
/* End PBXFrameworksBuildPhase section */

/* Begin PBXGroup section */
		CDFB10371FF1875B007245A0 = {
			isa = PBXGroup;
			children = (
				CDFB10421FF1875B007245A0 /* TopHeader */,
				CDFB10411FF1875B007245A0 /* Products */,
				D80BB72B88911123C3DF3C5D /* Pods */,
				FF82B53BC1E8B67A48F5CD20 /* Frameworks */,
			);
			sourceTree = "<group>";
		};
		CDFB10411FF1875B007245A0 /* Products */ = {
			isa = PBXGroup;
			children = (
				CDFB10401FF1875B007245A0 /* TopHeader.app */,
			);
			name = Products;
			sourceTree = "<group>";
		};
		CDFB10421FF1875B007245A0 /* TopHeader */ = {
			isa = PBXGroup;
			children = (
				CDFB10431FF1875B007245A0 /* AppDelegate.h */,
				CDFB10441FF1875B007245A0 /* AppDelegate.m */,
				CDFB10461FF1875B007245A0 /* ViewController.h */,
				CDFB10471FF1875B007245A0 /* ViewController.m */,
				CDFB10591FF18964007245A0 /* PTHeaderViewController.h */,
				CDFB105A1FF18964007245A0 /* PTHeaderViewController.m */,
				CD91BF191FF23DCD009EB025 /* UIColor+Extension.h */,
				CD91BF1A1FF23DCD009EB025 /* UIColor+Extension.m */,
				CDE143571FF254B4000C4B58 /* UINavigationController+Extension.h */,
				CDE143581FF254B4000C4B58 /* UINavigationController+Extension.m */,
				CDFB10491FF1875B007245A0 /* Main.storyboard */,
				CDFB104C1FF1875B007245A0 /* Assets.xcassets */,
				CDFB104E1FF1875B007245A0 /* LaunchScreen.storyboard */,
				CDFB10511FF1875B007245A0 /* Info.plist */,
				CDFB10521FF1875B007245A0 /* main.m */,
			);
			path = TopHeader;
			sourceTree = "<group>";
		};
		D80BB72B88911123C3DF3C5D /* Pods */ = {
			isa = PBXGroup;
			children = (
				545270EE7234AB3DFE5102A6 /* Pods-TopHeader.debug.xcconfig */,
				89C695E038A437B6836D3A12 /* Pods-TopHeader.release.xcconfig */,
			);
			name = Pods;
			sourceTree = "<group>";
		};
		FF82B53BC1E8B67A48F5CD20 /* Frameworks */ = {
			isa = PBXGroup;
			children = (
				C6045AF97A56682396D0ECF7 /* Pods_TopHeader.framework */,
			);
			name = Frameworks;
			sourceTree = "<group>";
		};
/* End PBXGroup section */

/* Begin PBXNativeTarget section */
		CDFB103F1FF1875B007245A0 /* TopHeader */ = {
			isa = PBXNativeTarget;
			buildConfigurationList = CDFB10561FF1875B007245A0 /* Build configuration list for PBXNativeTarget "TopHeader" */;
			buildPhases = (
				CEEED55178869C979F18E661 /* [CP] Check Pods Manifest.lock */,
				CDFB103C1FF1875B007245A0 /* Sources */,
				CDFB103D1FF1875B007245A0 /* Frameworks */,
				CDFB103E1FF1875B007245A0 /* Resources */,
				3CB067D79325FA83FF946025 /* [CP] Embed Pods Frameworks */,
				1D8BDC3724F48F7AEBD0646C /* [CP] Copy Pods Resources */,
			);
			buildRules = (
			);
			dependencies = (
			);
			name = TopHeader;
			productName = TopHeader;
			productReference = CDFB10401FF1875B007245A0 /* TopHeader.app */;
			productType = "com.apple.product-type.application";
		};
/* End PBXNativeTarget section */

/* Begin PBXProject section */
		CDFB10381FF1875B007245A0 /* Project object */ = {
			isa = PBXProject;
			attributes = {
				LastUpgradeCheck = 0910;
				ORGANIZATIONNAME = PatrickY;
				TargetAttributes = {
					CDFB103F1FF1875B007245A0 = {
						CreatedOnToolsVersion = 9.1;
						ProvisioningStyle = Automatic;
					};
				};
			};
			buildConfigurationList = CDFB103B1FF1875B007245A0 /* Build configuration list for PBXProject "TopHeader" */;
			compatibilityVersion = "Xcode 8.0";
			developmentRegion = en;
			hasScannedForEncodings = 0;
			knownRegions = (
				en,
				Base,
			);
			mainGroup = CDFB10371FF1875B007245A0;
			productRefGroup = CDFB10411FF1875B007245A0 /* Products */;
			projectDirPath = "";
			projectRoot = "";
			targets = (
				CDFB103F1FF1875B007245A0 /* TopHeader */,
			);
		};
/* End PBXProject section */

/* Begin PBXResourcesBuildPhase section */
		CDFB103E1FF1875B007245A0 /* Resources */ = {
			isa = PBXResourcesBuildPhase;
			buildActionMask = 2147483647;
			files = (
				CDFB10501FF1875B007245A0 /* LaunchScreen.storyboard in Resources */,
				CDFB104D1FF1875B007245A0 /* Assets.xcassets in Resources */,
				CDFB104B1FF1875B007245A0 /* Main.storyboard in Resources */,
			);
			runOnlyForDeploymentPostprocessing = 0;
		};
/* End PBXResourcesBuildPhase section */

/* Begin PBXShellScriptBuildPhase section */
		1D8BDC3724F48F7AEBD0646C /* [CP] Copy Pods Resources */ = {
			isa = PBXShellScriptBuildPhase;
			buildActionMask = 2147483647;
			files = (
			);
			inputPaths = (
			);
			name = "[CP] Copy Pods Resources";
			outputPaths = (
			);
			runOnlyForDeploymentPostprocessing = 0;
			shellPath = /bin/sh;
			shellScript = "\"${SRCROOT}/Pods/Target Support Files/Pods-TopHeader/Pods-TopHeader-resources.sh\"\n";
			showEnvVarsInLog = 0;
		};
		3CB067D79325FA83FF946025 /* [CP] Embed Pods Frameworks */ = {
			isa = PBXShellScriptBuildPhase;
			buildActionMask = 2147483647;
			files = (
			);
			inputPaths = (
				"${SRCROOT}/Pods/Target Support Files/Pods-TopHeader/Pods-TopHeader-frameworks.sh",
				"${BUILT_PRODUCTS_DIR}/AFNetworking/AFNetworking.framework",
				"${BUILT_PRODUCTS_DIR}/YYCache/YYCache.framework",
				"${BUILT_PRODUCTS_DIR}/YYImage/YYImage.framework",
				"${BUILT_PRODUCTS_DIR}/YYWebImage/YYWebImage.framework",
			);
			name = "[CP] Embed Pods Frameworks";
			outputPaths = (
				"${TARGET_BUILD_DIR}/${FRAMEWORKS_FOLDER_PATH}/AFNetworking.framework",
				"${TARGET_BUILD_DIR}/${FRAMEWORKS_FOLDER_PATH}/YYCache.framework",
				"${TARGET_BUILD_DIR}/${FRAMEWORKS_FOLDER_PATH}/YYImage.framework",
				"${TARGET_BUILD_DIR}/${FRAMEWORKS_FOLDER_PATH}/YYWebImage.framework",
			);
			runOnlyForDeploymentPostprocessing = 0;
			shellPath = /bin/sh;
			shellScript = "\"${SRCROOT}/Pods/Target Support Files/Pods-TopHeader/Pods-TopHeader-frameworks.sh\"\n";
			showEnvVarsInLog = 0;
		};
		CEEED55178869C979F18E661 /* [CP] Check Pods Manifest.lock */ = {
			isa = PBXShellScriptBuildPhase;
			buildActionMask = 2147483647;
			files = (
			);
			inputPaths = (
				"${PODS_PODFILE_DIR_PATH}/Podfile.lock",
				"${PODS_ROOT}/Manifest.lock",
			);
			name = "[CP] Check Pods Manifest.lock";
			outputPaths = (
				"$(DERIVED_FILE_DIR)/Pods-TopHeader-checkManifestLockResult.txt",
			);
			runOnlyForDeploymentPostprocessing = 0;
			shellPath = /bin/sh;
			shellScript = "diff \"${PODS_PODFILE_DIR_PATH}/Podfile.lock\" \"${PODS_ROOT}/Manifest.lock\" > /dev/null\nif [ $? != 0 ] ; then\n    # print error to STDERR\n    echo \"error: The sandbox is not in sync with the Podfile.lock. Run 'pod install' or update your CocoaPods installation.\" >&2\n    exit 1\nfi\n# This output is used by Xcode 'outputs' to avoid re-running this script phase.\necho \"SUCCESS\" > \"${SCRIPT_OUTPUT_FILE_0}\"\n";
			showEnvVarsInLog = 0;
		};
/* End PBXShellScriptBuildPhase section */

/* Begin PBXSourcesBuildPhase section */
		CDFB103C1FF1875B007245A0 /* Sources */ = {
			isa = PBXSourcesBuildPhase;
			buildActionMask = 2147483647;
			files = (
				CDFB10481FF1875B007245A0 /* ViewController.m in Sources */,
				CDFB10531FF1875B007245A0 /* main.m in Sources */,
				CD91BF1B1FF23DCE009EB025 /* UIColor+Extension.m in Sources */,
				CDFB10451FF1875B007245A0 /* AppDelegate.m in Sources */,
				CDFB105B1FF18964007245A0 /* PTHeaderViewController.m in Sources */,
				CDE143591FF254B4000C4B58 /* UINavigationController+Extension.m in Sources */,
			);
			runOnlyForDeploymentPostprocessing = 0;
		};
/* End PBXSourcesBuildPhase section */

/* Begin PBXVariantGroup section */
		CDFB10491FF1875B007245A0 /* Main.storyboard */ = {
			isa = PBXVariantGroup;
			children = (
				CDFB104A1FF1875B007245A0 /* Base */,
			);
			name = Main.storyboard;
			sourceTree = "<group>";
		};
		CDFB104E1FF1875B007245A0 /* LaunchScreen.storyboard */ = {
			isa = PBXVariantGroup;
			children = (
				CDFB104F1FF1875B007245A0 /* Base */,
			);
			name = LaunchScreen.storyboard;
			sourceTree = "<group>";
		};
/* End PBXVariantGroup section */

/* Begin XCBuildConfiguration section */
		CDFB10541FF1875B007245A0 /* Debug */ = {
			isa = XCBuildConfiguration;
			buildSettings = {
				ALWAYS_SEARCH_USER_PATHS = NO;
				CLANG_ANALYZER_NONNULL = YES;
				CLANG_ANALYZER_NUMBER_OBJECT_CONVERSION = YES_AGGRESSIVE;
				CLANG_CXX_LANGUAGE_STANDARD = "gnu++14";
				CLANG_CXX_LIBRARY = "libc++";
				CLANG_ENABLE_MODULES = YES;
				CLANG_ENABLE_OBJC_ARC = YES;
				CLANG_WARN_BLOCK_CAPTURE_AUTORELEASING = YES;
				CLANG_WARN_BOOL_CONVERSION = YES;
				CLANG_WARN_COMMA = YES;
				CLANG_WARN_CONSTANT_CONVERSION = YES;
				CLANG_WARN_DIRECT_OBJC_ISA_USAGE = YES_ERROR;
				CLANG_WARN_DOCUMENTATION_COMMENTS = YES;
				CLANG_WARN_EMPTY_BODY = YES;
				CLANG_WARN_ENUM_CONVERSION = YES;
				CLANG_WARN_INFINITE_RECURSION = YES;
				CLANG_WARN_INT_CONVERSION = YES;
				CLANG_WARN_NON_LITERAL_NULL_CONVERSION = YES;
				CLANG_WARN_OBJC_LITERAL_CONVERSION = YES;
				CLANG_WARN_OBJC_ROOT_CLASS = YES_ERROR;
				CLANG_WARN_RANGE_LOOP_ANALYSIS = YES;
				CLANG_WARN_STRICT_PROTOTYPES = YES;
				CLANG_WARN_SUSPICIOUS_MOVE = YES;
				CLANG_WARN_UNGUARDED_AVAILABILITY = YES_AGGRESSIVE;
				CLANG_WARN_UNREACHABLE_CODE = YES;
				CLANG_WARN__DUPLICATE_METHOD_MATCH = YES;
				CODE_SIGN_IDENTITY = "iPhone Developer";
				COPY_PHASE_STRIP = NO;
				DEBUG_INFORMATION_FORMAT = dwarf;
				ENABLE_STRICT_OBJC_MSGSEND = YES;
				ENABLE_TESTABILITY = YES;
				GCC_C_LANGUAGE_STANDARD = gnu11;
				GCC_DYNAMIC_NO_PIC = NO;
				GCC_NO_COMMON_BLOCKS = YES;
				GCC_OPTIMIZATION_LEVEL = 0;
				GCC_PREPROCESSOR_DEFINITIONS = (
					"DEBUG=1",
					"$(inherited)",
				);
				GCC_WARN_64_TO_32_BIT_CONVERSION = YES;
				GCC_WARN_ABOUT_RETURN_TYPE = YES_ERROR;
				GCC_WARN_UNDECLARED_SELECTOR = YES;
				GCC_WARN_UNINITIALIZED_AUTOS = YES_AGGRESSIVE;
				GCC_WARN_UNUSED_FUNCTION = YES;
				GCC_WARN_UNUSED_VARIABLE = YES;
				IPHONEOS_DEPLOYMENT_TARGET = 11.1;
				MTL_ENABLE_DEBUG_INFO = YES;
				ONLY_ACTIVE_ARCH = YES;
				SDKROOT = iphoneos;
			};
			name = Debug;
		};
		CDFB10551FF1875B007245A0 /* Release */ = {
			isa = XCBuildConfiguration;
			buildSettings = {
				ALWAYS_SEARCH_USER_PATHS = NO;
				CLANG_ANALYZER_NONNULL = YES;
				CLANG_ANALYZER_NUMBER_OBJECT_CONVERSION = YES_AGGRESSIVE;
				CLANG_CXX_LANGUAGE_STANDARD = "gnu++14";
				CLANG_CXX_LIBRARY = "libc++";
				CLANG_ENABLE_MODULES = YES;
				CLANG_ENABLE_OBJC_ARC = YES;
				CLANG_WARN_BLOCK_CAPTURE_AUTORELEASING = YES;
				CLANG_WARN_BOOL_CONVERSION = YES;
				CLANG_WARN_COMMA = YES;
				CLANG_WARN_CONSTANT_CONVERSION = YES;
				CLANG_WARN_DIRECT_OBJC_ISA_USAGE = YES_ERROR;
				CLANG_WARN_DOCUMENTATION_COMMENTS = YES;
				CLANG_WARN_EMPTY_BODY = YES;
				CLANG_WARN_ENUM_CONVERSION = YES;
				CLANG_WARN_INFINITE_RECURSION = YES;
				CLANG_WARN_INT_CONVERSION = YES;
				CLANG_WARN_NON_LITERAL_NULL_CONVERSION = YES;
				CLANG_WARN_OBJC_LITERAL_CONVERSION = YES;
				CLANG_WARN_OBJC_ROOT_CLASS = YES_ERROR;
				CLANG_WARN_RANGE_LOOP_ANALYSIS = YES;
				CLANG_WARN_STRICT_PROTOTYPES = YES;
				CLANG_WARN_SUSPICIOUS_MOVE = YES;
				CLANG_WARN_UNGUARDED_AVAILABILITY = YES_AGGRESSIVE;
				CLANG_WARN_UNREACHABLE_CODE = YES;
				CLANG_WARN__DUPLICATE_METHOD_MATCH = YES;
				CODE_SIGN_IDENTITY = "iPhone Developer";
				COPY_PHASE_STRIP = NO;
				DEBUG_INFORMATION_FORMAT = "dwarf-with-dsym";
				ENABLE_NS_ASSERTIONS = NO;
				ENABLE_STRICT_OBJC_MSGSEND = YES;
				GCC_C_LANGUAGE_STANDARD = gnu11;
				GCC_NO_COMMON_BLOCKS = YES;
				GCC_WARN_64_TO_32_BIT_CONVERSION = YES;
				GCC_WARN_ABOUT_RETURN_TYPE = YES_ERROR;
				GCC_WARN_UNDECLARED_SELECTOR = YES;
				GCC_WARN_UNINITIALIZED_AUTOS = YES_AGGRESSIVE;
				GCC_WARN_UNUSED_FUNCTION = YES;
				GCC_WARN_UNUSED_VARIABLE = YES;
				IPHONEOS_DEPLOYMENT_TARGET = 11.1;
				MTL_ENABLE_DEBUG_INFO = NO;
				SDKROOT = iphoneos;
				VALIDATE_PRODUCT = YES;
			};
			name = Release;
		};
		CDFB10571FF1875B007245A0 /* Debug */ = {
			isa = XCBuildConfiguration;
			baseConfigurationReference = 545270EE7234AB3DFE5102A6 /* Pods-TopHeader.debug.xcconfig */;
			buildSettings = {
				ASSETCATALOG_COMPILER_APPICON_NAME = AppIcon;
				CODE_SIGN_STYLE = Automatic;
				DEVELOPMENT_TEAM = 5C23J56UD3;
				INFOPLIST_FILE = TopHeader/Info.plist;
				LD_RUNPATH_SEARCH_PATHS = "$(inherited) @executable_path/Frameworks";
				PRODUCT_BUNDLE_IDENTIFIER = com.py.TopHeader;
				PRODUCT_NAME = "$(TARGET_NAME)";
				TARGETED_DEVICE_FAMILY = "1,2";
			};
			name = Debug;
		};
		CDFB10581FF1875B007245A0 /* Release */ = {
			isa = XCBuildConfiguration;
			baseConfigurationReference = 89C695E038A437B6836D3A12 /* Pods-TopHeader.release.xcconfig */;
			buildSettings = {
				ASSETCATALOG_COMPILER_APPICON_NAME = AppIcon;
				CODE_SIGN_STYLE = Automatic;
				DEVELOPMENT_TEAM = 5C23J56UD3;
				INFOPLIST_FILE = TopHeader/Info.plist;
				LD_RUNPATH_SEARCH_PATHS = "$(inherited) @executable_path/Frameworks";
				PRODUCT_BUNDLE_IDENTIFIER = com.py.TopHeader;
				PRODUCT_NAME = "$(TARGET_NAME)";
				TARGETED_DEVICE_FAMILY = "1,2";
			};
			name = Release;
		};
/* End XCBuildConfiguration section */

/* Begin XCConfigurationList section */
		CDFB103B1FF1875B007245A0 /* Build configuration list for PBXProject "TopHeader" */ = {
			isa = XCConfigurationList;
			buildConfigurations = (
				CDFB10541FF1875B007245A0 /* Debug */,
				CDFB10551FF1875B007245A0 /* Release */,
			);
			defaultConfigurationIsVisible = 0;
			defaultConfigurationName = Release;
		};
		CDFB10561FF1875B007245A0 /* Build configuration list for PBXNativeTarget "TopHeader" */ = {
			isa = XCConfigurationList;
			buildConfigurations = (
				CDFB10571FF1875B007245A0 /* Debug */,
				CDFB10581FF1875B007245A0 /* Release */,
			);
			defaultConfigurationIsVisible = 0;
			defaultConfigurationName = Release;
		};
/* End XCConfigurationList section */
	};
	rootObject = CDFB10381FF1875B007245A0 /* Project object */;
}
